// !$*UTF8*$!
{
	archiveVersion = 1;
	classes = {
	};
	objectVersion = 56;
	objects = {

/* Begin PBXBuildFile section */
		347AC8362C4F99AC00DD5170 /* CLI_NotifierApp.swift in Sources */ = {isa = PBXBuildFile; fileRef = 347AC8352C4F99AC00DD5170 /* CLI_NotifierApp.swift */; };
		347AC8382C4F99AC00DD5170 /* ContentView.swift in Sources */ = {isa = PBXBuildFile; fileRef = 347AC8372C4F99AC00DD5170 /* ContentView.swift */; };
		347AC83A2C4F99AD00DD5170 /* Assets.xcassets in Resources */ = {isa = PBXBuildFile; fileRef = 347AC8392C4F99AD00DD5170 /* Assets.xcassets */; };
		347AC83D2C4F99AD00DD5170 /* Preview Assets.xcassets in Resources */ = {isa = PBXBuildFile; fileRef = 347AC83C2C4F99AD00DD5170 /* Preview Assets.xcassets */; };
/* End PBXBuildFile section */

/* Begin PBXCopyFilesBuildPhase section */
		34CAEF782C4FAC57003AEAC1 /* Embed Foundation Extensions */ = {
			isa = PBXCopyFilesBuildPhase;
			buildActionMask = 2147483647;
			dstPath = "";
			dstSubfolderSpec = 13;
			files = (
			);
			name = "Embed Foundation Extensions";
			runOnlyForDeploymentPostprocessing = 0;
		};
/* End PBXCopyFilesBuildPhase section */

/* Begin PBXFileReference section */
		347AC8322C4F99AC00DD5170 /* CLI Notifier.app */ = {isa = PBXFileReference; explicitFileType = wrapper.application; includeInIndex = 0; path = "CLI Notifier.app"; sourceTree = BUILT_PRODUCTS_DIR; };
		347AC8352C4F99AC00DD5170 /* CLI_NotifierApp.swift */ = {isa = PBXFileReference; lastKnownFileType = sourcecode.swift; path = CLI_NotifierApp.swift; sourceTree = "<group>"; };
		347AC8372C4F99AC00DD5170 /* ContentView.swift */ = {isa = PBXFileReference; lastKnownFileType = sourcecode.swift; path = ContentView.swift; sourceTree = "<group>"; };
		347AC8392C4F99AD00DD5170 /* Assets.xcassets */ = {isa = PBXFileReference; lastKnownFileType = folder.assetcatalog; path = Assets.xcassets; sourceTree = "<group>"; };
		347AC83C2C4F99AD00DD5170 /* Preview Assets.xcassets */ = {isa = PBXFileReference; lastKnownFileType = folder.assetcatalog; path = "Preview Assets.xcassets"; sourceTree = "<group>"; };
		347AC83E2C4F99AD00DD5170 /* CLI_Notifier.entitlements */ = {isa = PBXFileReference; lastKnownFileType = text.plist.entitlements; path = CLI_Notifier.entitlements; sourceTree = "<group>"; };
		34CAEF692C4FAC57003AEAC1 /* UserNotifications.framework */ = {isa = PBXFileReference; lastKnownFileType = wrapper.framework; name = UserNotifications.framework; path = System/Library/Frameworks/UserNotifications.framework; sourceTree = SDKROOT; };
		34CAEF6B2C4FAC57003AEAC1 /* UserNotificationsUI.framework */ = {isa = PBXFileReference; lastKnownFileType = wrapper.framework; name = UserNotificationsUI.framework; path = System/Library/Frameworks/UserNotificationsUI.framework; sourceTree = SDKROOT; };
		34E2A8822C50035C0063B89E /* CLI-Notifier-Info.plist */ = {isa = PBXFileReference; lastKnownFileType = text.plist; path = "CLI-Notifier-Info.plist"; sourceTree = SOURCE_ROOT; };
/* End PBXFileReference section */

/* Begin PBXFrameworksBuildPhase section */
		347AC82F2C4F99AC00DD5170 /* Frameworks */ = {
			isa = PBXFrameworksBuildPhase;
			buildActionMask = 2147483647;
			files = (
			);
			runOnlyForDeploymentPostprocessing = 0;
		};
/* End PBXFrameworksBuildPhase section */

/* Begin PBXGroup section */
		347AC8292C4F99AC00DD5170 = {
			isa = PBXGroup;
			children = (
				347AC8342C4F99AC00DD5170 /* CLI Notifier */,
				34CAEF682C4FAC57003AEAC1 /* Frameworks */,
				347AC8332C4F99AC00DD5170 /* Products */,
			);
			sourceTree = "<group>";
		};
		347AC8332C4F99AC00DD5170 /* Products */ = {
			isa = PBXGroup;
			children = (
				347AC8322C4F99AC00DD5170 /* CLI Notifier.app */,
			);
			name = Products;
			sourceTree = "<group>";
		};
		347AC8342C4F99AC00DD5170 /* CLI Notifier */ = {
			isa = PBXGroup;
			children = (
				34E2A8822C50035C0063B89E /* CLI-Notifier-Info.plist */,
				347AC8352C4F99AC00DD5170 /* CLI_NotifierApp.swift */,
				347AC8372C4F99AC00DD5170 /* ContentView.swift */,
				347AC8392C4F99AD00DD5170 /* Assets.xcassets */,
				347AC83E2C4F99AD00DD5170 /* CLI_Notifier.entitlements */,
				347AC83B2C4F99AD00DD5170 /* Preview Content */,
			);
			path = "CLI Notifier";
			sourceTree = "<group>";
		};
		347AC83B2C4F99AD00DD5170 /* Preview Content */ = {
			isa = PBXGroup;
			children = (
				347AC83C2C4F99AD00DD5170 /* Preview Assets.xcassets */,
			);
			path = "Preview Content";
			sourceTree = "<group>";
		};
		34CAEF682C4FAC57003AEAC1 /* Frameworks */ = {
			isa = PBXGroup;
			children = (
				34CAEF692C4FAC57003AEAC1 /* UserNotifications.framework */,
				34CAEF6B2C4FAC57003AEAC1 /* UserNotificationsUI.framework */,
			);
			name = Frameworks;
			sourceTree = "<group>";
		};
/* End PBXGroup section */

/* Begin PBXNativeTarget section */
		347AC8312C4F99AC00DD5170 /* CLI Notifier */ = {
			isa = PBXNativeTarget;
			buildConfigurationList = 347AC8412C4F99AD00DD5170 /* Build configuration list for PBXNativeTarget "CLI Notifier" */;
			buildPhases = (
				347AC82E2C4F99AC00DD5170 /* Sources */,
				347AC82F2C4F99AC00DD5170 /* Frameworks */,
				347AC8302C4F99AC00DD5170 /* Resources */,
				34CAEF782C4FAC57003AEAC1 /* Embed Foundation Extensions */,
			);
			buildRules = (
			);
			dependencies = (
			);
			name = "CLI Notifier";
			productName = "CLI Notifier";
			productReference = 347AC8322C4F99AC00DD5170 /* CLI Notifier.app */;
			productType = "com.apple.product-type.application";
		};
/* End PBXNativeTarget section */

/* Begin PBXProject section */
		347AC82A2C4F99AC00DD5170 /* Project object */ = {
			isa = PBXProject;
			attributes = {
				BuildIndependentTargetsInParallel = 1;
				LastSwiftUpdateCheck = 1540;
				LastUpgradeCheck = 1540;
				TargetAttributes = {
					347AC8312C4F99AC00DD5170 = {
						CreatedOnToolsVersion = 15.4;
					};
				};
			};
			buildConfigurationList = 347AC82D2C4F99AC00DD5170 /* Build configuration list for PBXProject "CLI Notifier" */;
			compatibilityVersion = "Xcode 14.0";
			developmentRegion = en;
			hasScannedForEncodings = 0;
			knownRegions = (
				en,
				Base,
			);
			mainGroup = 347AC8292C4F99AC00DD5170;
			productRefGroup = 347AC8332C4F99AC00DD5170 /* Products */;
			projectDirPath = "";
			projectRoot = "";
			targets = (
				347AC8312C4F99AC00DD5170 /* CLI Notifier */,
			);
		};
/* End PBXProject section */

/* Begin PBXResourcesBuildPhase section */
		347AC8302C4F99AC00DD5170 /* Resources */ = {
			isa = PBXResourcesBuildPhase;
			buildActionMask = 2147483647;
			files = (
				347AC83D2C4F99AD00DD5170 /* Preview Assets.xcassets in Resources */,
				347AC83A2C4F99AD00DD5170 /* Assets.xcassets in Resources */,
			);
			runOnlyForDeploymentPostprocessing = 0;
		};
/* End PBXResourcesBuildPhase section */

/* Begin PBXSourcesBuildPhase section */
		347AC82E2C4F99AC00DD5170 /* Sources */ = {
			isa = PBXSourcesBuildPhase;
			buildActionMask = 2147483647;
			files = (
				347AC8382C4F99AC00DD5170 /* ContentView.swift in Sources */,
				347AC8362C4F99AC00DD5170 /* CLI_NotifierApp.swift in Sources */,
			);
			runOnlyForDeploymentPostprocessing = 0;
		};
/* End PBXSourcesBuildPhase section */

/* Begin XCBuildConfiguration section */
		347AC83F2C4F99AD00DD5170 /* Debug */ = {
			isa = XCBuildConfiguration;
			buildSettings = {
				ALWAYS_SEARCH_USER_PATHS = NO;
				ASSETCATALOG_COMPILER_GENERATE_SWIFT_ASSET_SYMBOL_EXTENSIONS = YES;
				CLANG_ANALYZER_NONNULL = YES;
				CLANG_ANALYZER_NUMBER_OBJECT_CONVERSION = YES_AGGRESSIVE;
				CLANG_CXX_LANGUAGE_STANDARD = "gnu++20";
				CLANG_ENABLE_MODULES = YES;
				CLANG_ENABLE_OBJC_ARC = YES;
				CLANG_ENABLE_OBJC_WEAK = YES;
				CLANG_WARN_BLOCK_CAPTURE_AUTORELEASING = YES;
				CLANG_WARN_BOOL_CONVERSION = YES;
				CLANG_WARN_COMMA = YES;
				CLANG_WARN_CONSTANT_CONVERSION = YES;
				CLANG_WARN_DEPRECATED_OBJC_IMPLEMENTATIONS = YES;
				CLANG_WARN_DIRECT_OBJC_ISA_USAGE = YES_ERROR;
				CLANG_WARN_DOCUMENTATION_COMMENTS = YES;
				CLANG_WARN_EMPTY_BODY = YES;
				CLANG_WARN_ENUM_CONVERSION = YES;
				CLANG_WARN_INFINITE_RECURSION = YES;
				CLANG_WARN_INT_CONVERSION = YES;
				CLANG_WARN_NON_LITERAL_NULL_CONVERSION = YES;
				CLANG_WARN_OBJC_IMPLICIT_RETAIN_SELF = YES;
				CLANG_WARN_OBJC_LITERAL_CONVERSION = YES;
				CLANG_WARN_OBJC_ROOT_CLASS = YES_ERROR;
				CLANG_WARN_QUOTED_INCLUDE_IN_FRAMEWORK_HEADER = YES;
				CLANG_WARN_RANGE_LOOP_ANALYSIS = YES;
				CLANG_WARN_STRICT_PROTOTYPES = YES;
				CLANG_WARN_SUSPICIOUS_MOVE = YES;
				CLANG_WARN_UNGUARDED_AVAILABILITY = YES_AGGRESSIVE;
				CLANG_WARN_UNREACHABLE_CODE = YES;
				CLANG_WARN__DUPLICATE_METHOD_MATCH = YES;
				COPY_PHASE_STRIP = NO;
				DEBUG_INFORMATION_FORMAT = dwarf;
				ENABLE_STRICT_OBJC_MSGSEND = YES;
				ENABLE_TESTABILITY = YES;
				ENABLE_USER_SCRIPT_SANDBOXING = YES;
				GCC_C_LANGUAGE_STANDARD = gnu17;
				GCC_DYNAMIC_NO_PIC = NO;
				GCC_NO_COMMON_BLOCKS = YES;
				GCC_OPTIMIZATION_LEVEL = 0;
				GCC_PREPROCESSOR_DEFINITIONS = (
					"DEBUG=1",
					"$(inherited)",
				);
				GCC_WARN_64_TO_32_BIT_CONVERSION = YES;
				GCC_WARN_ABOUT_RETURN_TYPE = YES_ERROR;
				GCC_WARN_UNDECLARED_SELECTOR = YES;
				GCC_WARN_UNINITIALIZED_AUTOS = YES_AGGRESSIVE;
				GCC_WARN_UNUSED_FUNCTION = YES;
				GCC_WARN_UNUSED_VARIABLE = YES;
				LOCALIZATION_PREFERS_STRING_CATALOGS = YES;
				MACOSX_DEPLOYMENT_TARGET = 14.5;
				MTL_ENABLE_DEBUG_INFO = INCLUDE_SOURCE;
				MTL_FAST_MATH = YES;
				ONLY_ACTIVE_ARCH = YES;
				SDKROOT = macosx;
				SWIFT_ACTIVE_COMPILATION_CONDITIONS = "DEBUG $(inherited)";
				SWIFT_OPTIMIZATION_LEVEL = "-Onone";
			};
			name = Debug;
		};
		347AC8402C4F99AD00DD5170 /* Release */ = {
			isa = XCBuildConfiguration;
			buildSettings = {
				ALWAYS_SEARCH_USER_PATHS = NO;
				ASSETCATALOG_COMPILER_GENERATE_SWIFT_ASSET_SYMBOL_EXTENSIONS = YES;
				CLANG_ANALYZER_NONNULL = YES;
				CLANG_ANALYZER_NUMBER_OBJECT_CONVERSION = YES_AGGRESSIVE;
				CLANG_CXX_LANGUAGE_STANDARD = "gnu++20";
				CLANG_ENABLE_MODULES = YES;
				CLANG_ENABLE_OBJC_ARC = YES;
				CLANG_ENABLE_OBJC_WEAK = YES;
				CLANG_WARN_BLOCK_CAPTURE_AUTORELEASING = YES;
				CLANG_WARN_BOOL_CONVERSION = YES;
				CLANG_WARN_COMMA = YES;
				CLANG_WARN_CONSTANT_CONVERSION = YES;
				CLANG_WARN_DEPRECATED_OBJC_IMPLEMENTATIONS = YES;
				CLANG_WARN_DIRECT_OBJC_ISA_USAGE = YES_ERROR;
				CLANG_WARN_DOCUMENTATION_COMMENTS = YES;
				CLANG_WARN_EMPTY_BODY = YES;
				CLANG_WARN_ENUM_CONVERSION = YES;
				CLANG_WARN_INFINITE_RECURSION = YES;
				CLANG_WARN_INT_CONVERSION = YES;
				CLANG_WARN_NON_LITERAL_NULL_CONVERSION = YES;
				CLANG_WARN_OBJC_IMPLICIT_RETAIN_SELF = YES;
				CLANG_WARN_OBJC_LITERAL_CONVERSION = YES;
				CLANG_WARN_OBJC_ROOT_CLASS = YES_ERROR;
				CLANG_WARN_QUOTED_INCLUDE_IN_FRAMEWORK_HEADER = YES;
				CLANG_WARN_RANGE_LOOP_ANALYSIS = YES;
				CLANG_WARN_STRICT_PROTOTYPES = YES;
				CLANG_WARN_SUSPICIOUS_MOVE = YES;
				CLANG_WARN_UNGUARDED_AVAILABILITY = YES_AGGRESSIVE;
				CLANG_WARN_UNREACHABLE_CODE = YES;
				CLANG_WARN__DUPLICATE_METHOD_MATCH = YES;
				COPY_PHASE_STRIP = NO;
				DEBUG_INFORMATION_FORMAT = "dwarf-with-dsym";
				ENABLE_NS_ASSERTIONS = NO;
				ENABLE_STRICT_OBJC_MSGSEND = YES;
				ENABLE_USER_SCRIPT_SANDBOXING = YES;
				GCC_C_LANGUAGE_STANDARD = gnu17;
				GCC_NO_COMMON_BLOCKS = YES;
				GCC_WARN_64_TO_32_BIT_CONVERSION = YES;
				GCC_WARN_ABOUT_RETURN_TYPE = YES_ERROR;
				GCC_WARN_UNDECLARED_SELECTOR = YES;
				GCC_WARN_UNINITIALIZED_AUTOS = YES_AGGRESSIVE;
				GCC_WARN_UNUSED_FUNCTION = YES;
				GCC_WARN_UNUSED_VARIABLE = YES;
				LOCALIZATION_PREFERS_STRING_CATALOGS = YES;
				MACOSX_DEPLOYMENT_TARGET = 14.5;
				MTL_ENABLE_DEBUG_INFO = NO;
				MTL_FAST_MATH = YES;
				SDKROOT = macosx;
				SWIFT_COMPILATION_MODE = wholemodule;
			};
			name = Release;
		};
		347AC8422C4F99AD00DD5170 /* Debug */ = {
			isa = XCBuildConfiguration;
			buildSettings = {
				ALWAYS_EMBED_SWIFT_STANDARD_LIBRARIES = YES;
				ASSETCATALOG_COMPILER_APPICON_NAME = AppIcon;
				ASSETCATALOG_COMPILER_GLOBAL_ACCENT_COLOR_NAME = AccentColor;
				CODE_SIGN_ENTITLEMENTS = "CLI Notifier/CLI_Notifier.entitlements";
				CODE_SIGN_STYLE = Automatic;
				COMBINE_HIDPI_IMAGES = YES;
				CURRENT_PROJECT_VERSION = 1;
				DEVELOPMENT_ASSET_PATHS = "\"CLI Notifier/Preview Content\"";
				DEVELOPMENT_TEAM = CFJYV723M9;
				ENABLE_HARDENED_RUNTIME = YES;
				ENABLE_PREVIEWS = YES;
				GENERATE_INFOPLIST_FILE = YES;
				INFOPLIST_FILE = "CLI-Notifier-Info.plist";
				INFOPLIST_KEY_LSApplicationCategoryType = "public.app-category.utilities";
				INFOPLIST_KEY_NSHumanReadableCopyright = "";
				LD_RUNPATH_SEARCH_PATHS = (
					"$(inherited)",
					"@executable_path/../Frameworks",
				);
				MARKETING_VERSION = 1.0;
				PRODUCT_BUNDLE_IDENTIFIER = "com.shaneliesegang.CLI-Notifier";
				PRODUCT_NAME = "$(TARGET_NAME)";
				SWIFT_EMIT_LOC_STRINGS = YES;
				SWIFT_VERSION = 5.0;
			};
			name = Debug;
		};
		347AC8432C4F99AD00DD5170 /* Release */ = {
			isa = XCBuildConfiguration;
			buildSettings = {
				ALWAYS_EMBED_SWIFT_STANDARD_LIBRARIES = YES;
				ASSETCATALOG_COMPILER_APPICON_NAME = AppIcon;
				ASSETCATALOG_COMPILER_GLOBAL_ACCENT_COLOR_NAME = AccentColor;
				CODE_SIGN_ENTITLEMENTS = "CLI Notifier/CLI_Notifier.entitlements";
				CODE_SIGN_STYLE = Automatic;
				COMBINE_HIDPI_IMAGES = YES;
				CURRENT_PROJECT_VERSION = 1;
				DEVELOPMENT_ASSET_PATHS = "\"CLI Notifier/Preview Content\"";
				DEVELOPMENT_TEAM = CFJYV723M9;
				ENABLE_HARDENED_RUNTIME = YES;
				ENABLE_PREVIEWS = YES;
				GENERATE_INFOPLIST_FILE = YES;
				INFOPLIST_FILE = "CLI-Notifier-Info.plist";
				INFOPLIST_KEY_LSApplicationCategoryType = "public.app-category.utilities";
				INFOPLIST_KEY_NSHumanReadableCopyright = "";
				LD_RUNPATH_SEARCH_PATHS = (
					"$(inherited)",
					"@executable_path/../Frameworks",
				);
				MARKETING_VERSION = 1.0;
				PRODUCT_BUNDLE_IDENTIFIER = "com.shaneliesegang.CLI-Notifier";
				PRODUCT_NAME = "$(TARGET_NAME)";
				SWIFT_EMIT_LOC_STRINGS = YES;
				SWIFT_VERSION = 5.0;
			};
			name = Release;
		};
/* End XCBuildConfiguration section */

/* Begin XCConfigurationList section */
		347AC82D2C4F99AC00DD5170 /* Build configuration list for PBXProject "CLI Notifier" */ = {
			isa = XCConfigurationList;
			buildConfigurations = (
				347AC83F2C4F99AD00DD5170 /* Debug */,
				347AC8402C4F99AD00DD5170 /* Release */,
			);
			defaultConfigurationIsVisible = 0;
			defaultConfigurationName = Release;
		};
		347AC8412C4F99AD00DD5170 /* Build configuration list for PBXNativeTarget "CLI Notifier" */ = {
			isa = XCConfigurationList;
			buildConfigurations = (
				347AC8422C4F99AD00DD5170 /* Debug */,
				347AC8432C4F99AD00DD5170 /* Release */,
			);
			defaultConfigurationIsVisible = 0;
			defaultConfigurationName = Release;
		};
/* End XCConfigurationList section */
	};
	rootObject = 347AC82A2C4F99AC00DD5170 /* Project object */;
}
